
Microsoft Visual Studio Solution File, Format Version 12.00
# Visual Studio Version 16
VisualStudioVersion = 16.0.30804.86
MinimumVisualStudioVersion = 10.0.40219.1
Project("{FAE04EC0-301F-11D3-BF4B-00C04F79EFBC}") = "Stabilizer", "Stabilizer.csproj", "{A183958C-3DAB-4182-A93D-92ACAC668851}"
EndProject
Global
	GlobalSection(SolutionConfigurationPlatforms) = preSolution
		Debug|Any CPU = Debug|Any CPU
		Release|Any CPU = Release|Any CPU
	EndGlobalSection
	GlobalSection(ProjectConfigurationPlatforms) = postSolution
		{A183958C-3DAB-4182-A93D-92ACAC668851}.Debug|Any CPU.ActiveCfg = Debug|Any CPU
		{A183958C-3DAB-4182-A93D-92ACAC668851}.Debug|Any CPU.Build.0 = Debug|Any CPU
		{A183958C-3DAB-4182-A93D-92ACAC668851}.Release|Any CPU.ActiveCfg = Release|Any CPU
		{A183958C-3DAB-4182-A93D-92ACAC668851}.Release|Any CPU.Build.0 = Release|Any CPU
	EndGlobalSection
	GlobalSection(SolutionProperties) = preSolution
		HideSolutionNode = FALSE
	EndGlobalSection
	GlobalSection(ExtensibilityGlobals) = postSolution
		SolutionGuid = {2D8BEFA2-4ECC-4066-AB4A-CC09675C87E1}
	EndGlobalSection
EndGlobal
